# generated by rye
# use `rye lock` or `rye sync` to update this lockfile
#
# last locked with the following flags:
#   pre: false
#   features: []
#   all-features: false
#   with-sources: false
#   generate-hashes: false
#   universal: false

-e file:.
alembic==1.13.2
    # via flask-migrate
aniso8601==9.0.1
    # via flask-restx
apispec==6.6.1
    # via flask-apispec
attrs==24.1.0
    # via jsonschema
babel==2.15.0
    # via flask-babelex
blinker==1.8.2
    # via flask
    # via flask-mail
    # via flask-principal
boto3==1.34.153
    # via arcadeshare
botocore==1.34.153
    # via boto3
    # via s3transfer
certifi==2024.7.4
    # via requests
charset-normalizer==3.3.2
    # via requests
click==8.1.7
    # via flask
colorama==0.4.6
    # via click
dnspython==2.6.1
    # via email-validator
email-validator==2.2.0
    # via flask-security
flask==3.0.3
    # via arcadeshare
    # via flask-admin
    # via flask-apispec
    # via flask-babelex
    # via flask-cors
    # via flask-dance
    # via flask-jwt-extended
    # via flask-login
    # via flask-mail
    # via flask-marshmallow
    # via flask-migrate
    # via flask-mqtt
    # via flask-principal
    # via flask-restx
    # via flask-security
    # via flask-sqlalchemy
    # via flask-wtf
flask-admin==1.6.1
    # via arcadeshare
flask-apispec==0.11.4
    # via arcadeshare
flask-babelex==0.9.4
    # via arcadeshare
flask-cors==4.0.1
    # via arcadeshare
flask-dance==7.1.0
    # via arcadeshare
flask-jwt-extended==4.6.0
    # via arcadeshare
flask-login==0.6.3
    # via arcadeshare
    # via flask-security
flask-mail==0.10.0
    # via arcadeshare
flask-marshmallow==1.2.1
    # via arcadeshare
flask-migrate==4.0.7
    # via arcadeshare
flask-mqtt==1.2.1
    # via arcadeshare
flask-principal==0.4.0
    # via arcadeshare
    # via flask-security
flask-restx==1.3.0
    # via arcadeshare
flask-security==5.5.2
    # via arcadeshare
flask-sqlalchemy==3.1.1
    # via flask-migrate
flask-wtf==1.2.1
    # via arcadeshare
    # via flask-security
greenlet==3.0.3
    # via sqlalchemy
idna==3.7
    # via email-validator
    # via requests
importlib-resources==6.4.0
    # via flask-restx
    # via flask-security
itsdangerous==2.2.0
    # via flask
    # via flask-wtf
jinja2==3.1.4
    # via flask
    # via flask-babelex
jmespath==1.0.1
    # via boto3
    # via botocore
jsonschema==4.17.3
    # via flask-restx
mako==1.3.5
    # via alembic
markupsafe==2.1.5
    # via flask-security
    # via jinja2
    # via mako
    # via werkzeug
    # via wtforms
marshmallow==3.21.3
    # via flask-apispec
    # via flask-marshmallow
    # via marshmallow-enum
    # via marshmallow-sqlalchemy
    # via typemallow2
    # via webargs
marshmallow-enum==1.5.1
    # via typemallow2
marshmallow-sqlalchemy==1.0.0
    # via arcadeshare
oauthlib==3.2.2
    # via flask-dance
    # via requests-oauthlib
packaging==24.1
    # via apispec
    # via marshmallow
    # via webargs
paho-mqtt==1.6.1
    # via flask-mqtt
passlib==1.7.4
    # via flask-security
psycopg2==2.9.9
    # via arcadeshare
pyjwt==2.9.0
    # via flask-jwt-extended
pyrsistent==0.20.0
    # via jsonschema
python-dateutil==2.9.0.post0
    # via botocore
python-dotenv==1.0.1
    # via arcadeshare
pytz==2024.1
    # via flask-restx
requests==2.32.3
    # via flask-dance
    # via requests-oauthlib
requests-oauthlib==2.0.0
    # via flask-dance
rpds-py==0.5.3
    # via arcadeshare
s3transfer==0.10.2
    # via boto3
setuptools==72.1.0
    # via arcadeshare
six==1.16.0
    # via python-dateutil
speaklater==1.3
    # via flask-babelex
sqlalchemy==2.0.31
    # via alembic
    # via flask-sqlalchemy
    # via marshmallow-sqlalchemy
typemallow2==0.0.3
    # via arcadeshare
typing-extensions==4.12.2
    # via alembic
    # via sqlalchemy
urllib3==2.2.2
    # via botocore
    # via requests
urlobject==2.4.3
    # via flask-dance
webargs==8.4.0
    # via flask-apispec
werkzeug==3.0.3
    # via flask
    # via flask-dance
    # via flask-jwt-extended
    # via flask-login
    # via flask-restx
wtforms==3.1.2
    # via flask-admin
    # via flask-security
    # via flask-wtf
